
Microsoft Visual Studio Solution File, Format Version 12.00
# Visual Studio Version 17
VisualStudioVersion = 17.7.34018.315
MinimumVisualStudioVersion = 10.0.40219.1
Project("{FAE04EC0-301F-11D3-BF4B-00C04F79EFBC}") = "WinFormsApp1", "WinFormsApp1\WinFormsApp1.csproj", "{DD64027A-2DAF-442A-8D0D-7361F2816DF1}"
EndProject
Global
	GlobalSection(SolutionConfigurationPlatforms) = preSolution
		Debug|Any CPU = Debug|Any CPU
		Release|Any CPU = Release|Any CPU
	EndGlobalSection
	GlobalSection(ProjectConfigurationPlatforms) = postSolution
		{DD64027A-2DAF-442A-8D0D-7361F2816DF1}.Debug|Any CPU.ActiveCfg = Debug|Any CPU
		{DD64027A-2DAF-442A-8D0D-7361F2816DF1}.Debug|Any CPU.Build.0 = Debug|Any CPU
		{DD64027A-2DAF-442A-8D0D-7361F2816DF1}.Release|Any CPU.ActiveCfg = Release|Any CPU
		{DD64027A-2DAF-442A-8D0D-7361F2816DF1}.Release|Any CPU.Build.0 = Release|Any CPU
	EndGlobalSection
	GlobalSection(SolutionProperties) = preSolution
		HideSolutionNode = FALSE
	EndGlobalSection
	GlobalSection(ExtensibilityGlobals) = postSolution
		SolutionGuid = {C28758CE-0B1C-4467-BD5B-1F1EA9B42241}
	EndGlobalSection
EndGlobal
